
Microsoft Visual Studio Solution File, Format Version 12.00
# Visual Studio Version 17
VisualStudioVersion = 17.9.34714.143
MinimumVisualStudioVersion = 10.0.40219.1
Project("{9A19103F-16F7-4668-BE54-9A1E7A4F7556}") = "AvaloniaApplication1", "AvaloniaApplication1\AvaloniaApplication1.csproj", "{7DFF5EA9-32E4-4CF8-9E5E-60A6576A3665}"
EndProject
Project("{9A19103F-16F7-4668-BE54-9A1E7A4F7556}") = "AvaloniaApplication1.Desktop", "AvaloniaApplication1.Desktop\AvaloniaApplication1.Desktop.csproj", "{9E5759BB-C21B-4915-BD9B-D6F7D9045743}"
EndProject
Global
	GlobalSection(SolutionConfigurationPlatforms) = preSolution
		Debug|Any CPU = Debug|Any CPU
		Release|Any CPU = Release|Any CPU
	EndGlobalSection
	GlobalSection(ProjectConfigurationPlatforms) = postSolution
		{7DFF5EA9-32E4-4CF8-9E5E-60A6576A3665}.Debug|Any CPU.ActiveCfg = Debug|Any CPU
		{7DFF5EA9-32E4-4CF8-9E5E-60A6576A3665}.Debug|Any CPU.Build.0 = Debug|Any CPU
		{7DFF5EA9-32E4-4CF8-9E5E-60A6576A3665}.Release|Any CPU.ActiveCfg = Release|Any CPU
		{7DFF5EA9-32E4-4CF8-9E5E-60A6576A3665}.Release|Any CPU.Build.0 = Release|Any CPU
		{9E5759BB-C21B-4915-BD9B-D6F7D9045743}.Debug|Any CPU.ActiveCfg = Debug|Any CPU
		{9E5759BB-C21B-4915-BD9B-D6F7D9045743}.Debug|Any CPU.Build.0 = Debug|Any CPU
		{9E5759BB-C21B-4915-BD9B-D6F7D9045743}.Release|Any CPU.ActiveCfg = Release|Any CPU
		{9E5759BB-C21B-4915-BD9B-D6F7D9045743}.Release|Any CPU.Build.0 = Release|Any CPU
	EndGlobalSection
	GlobalSection(SolutionProperties) = preSolution
		HideSolutionNode = FALSE
	EndGlobalSection
	GlobalSection(ExtensibilityGlobals) = postSolution
		SolutionGuid = {0D9B6776-4F88-40F9-BC85-4FFBF4CEFB5B}
	EndGlobalSection
EndGlobal
